
Microsoft Visual Studio Solution File, Format Version 12.00
# Visual Studio 15
VisualStudioVersion = 15.0.27004.2002
MinimumVisualStudioVersion = 10.0.40219.1
Project("{FAE04EC0-301F-11D3-BF4B-00C04F79EFBC}") = "SharpInit", "SharpInit\SharpInit.csproj", "{17AB577E-7AAF-4F95-9A9C-689952A2C461}"
EndProject
Global
	GlobalSection(SolutionConfigurationPlatforms) = preSolution
		Debug|Any CPU = Debug|Any CPU
		Release|Any CPU = Release|Any CPU
	EndGlobalSection
	GlobalSection(ProjectConfigurationPlatforms) = postSolution
		{17AB577E-7AAF-4F95-9A9C-689952A2C461}.Debug|Any CPU.ActiveCfg = Debug|Any CPU
		{17AB577E-7AAF-4F95-9A9C-689952A2C461}.Debug|Any CPU.Build.0 = Debug|Any CPU
		{17AB577E-7AAF-4F95-9A9C-689952A2C461}.Release|Any CPU.ActiveCfg = Release|Any CPU
		{17AB577E-7AAF-4F95-9A9C-689952A2C461}.Release|Any CPU.Build.0 = Release|Any CPU
	EndGlobalSection
	GlobalSection(SolutionProperties) = preSolution
		HideSolutionNode = FALSE
	EndGlobalSection
	GlobalSection(ExtensibilityGlobals) = postSolution
		SolutionGuid = {E67D4F87-1EE0-4C44-A421-CD86C0879ACA}
	EndGlobalSection
EndGlobal
